
Microsoft Visual Studio Solution File, Format Version 12.00
# Visual Studio 14
VisualStudioVersion = 14.0.25420.1
MinimumVisualStudioVersion = 10.0.40219.1
Project("{FAE04EC0-301F-11D3-BF4B-00C04F79EFBC}") = "projecteulerAnswers", "projecteulerAnswers\projecteulerAnswers.csproj", "{01F186E4-6409-4B2D-BD0A-411FEBCC06CE}"
EndProject
Project("{FAE04EC0-301F-11D3-BF4B-00C04F79EFBC}") = "projecteulerAnswersTests", "projecteulerAnswersTests\projecteulerAnswersTests.csproj", "{B93E8E12-0B34-49E3-B771-329B5BF0BBC6}"
EndProject
Global
	GlobalSection(SolutionConfigurationPlatforms) = preSolution
		Debug|Any CPU = Debug|Any CPU
		Release|Any CPU = Release|Any CPU
	EndGlobalSection
	GlobalSection(ProjectConfigurationPlatforms) = postSolution
		{01F186E4-6409-4B2D-BD0A-411FEBCC06CE}.Debug|Any CPU.ActiveCfg = Debug|Any CPU
		{01F186E4-6409-4B2D-BD0A-411FEBCC06CE}.Debug|Any CPU.Build.0 = Debug|Any CPU
		{01F186E4-6409-4B2D-BD0A-411FEBCC06CE}.Release|Any CPU.ActiveCfg = Release|Any CPU
		{01F186E4-6409-4B2D-BD0A-411FEBCC06CE}.Release|Any CPU.Build.0 = Release|Any CPU
		{B93E8E12-0B34-49E3-B771-329B5BF0BBC6}.Debug|Any CPU.ActiveCfg = Debug|Any CPU
		{B93E8E12-0B34-49E3-B771-329B5BF0BBC6}.Debug|Any CPU.Build.0 = Debug|Any CPU
		{B93E8E12-0B34-49E3-B771-329B5BF0BBC6}.Release|Any CPU.ActiveCfg = Release|Any CPU
		{B93E8E12-0B34-49E3-B771-329B5BF0BBC6}.Release|Any CPU.Build.0 = Release|Any CPU
	EndGlobalSection
	GlobalSection(SolutionProperties) = preSolution
		HideSolutionNode = FALSE
	EndGlobalSection
EndGlobal
